
Microsoft Visual Studio Solution File, Format Version 11.00
# Visual Studio 2010
Project("{FAE04EC0-301F-11D3-BF4B-00C04F79EFBC}") = "Domain", "Domain\Domain.csproj", "{03B9F901-C326-4996-A148-5C8D57E6F11B}"
EndProject
Project("{FAE04EC0-301F-11D3-BF4B-00C04F79EFBC}") = "Logic", "Logic\Logic.csproj", "{84FDF048-3569-45A9-B7F7-65B23A61C654}"
EndProject
Project("{FAE04EC0-301F-11D3-BF4B-00C04F79EFBC}") = "TestNeuralNetworkConsoleApp", "TestNeuralNetworkConsoleApp\TestNeuralNetworkConsoleApp.csproj", "{D30C591D-8162-4BA7-82C3-45382B783834}"
EndProject
Global
	GlobalSection(SolutionConfigurationPlatforms) = preSolution
		Debug|Any CPU = Debug|Any CPU
		Debug|Mixed Platforms = Debug|Mixed Platforms
		Debug|x86 = Debug|x86
		Release|Any CPU = Release|Any CPU
		Release|Mixed Platforms = Release|Mixed Platforms
		Release|x86 = Release|x86
	EndGlobalSection
	GlobalSection(ProjectConfigurationPlatforms) = postSolution
		{03B9F901-C326-4996-A148-5C8D57E6F11B}.Debug|Any CPU.ActiveCfg = Debug|Any CPU
		{03B9F901-C326-4996-A148-5C8D57E6F11B}.Debug|Any CPU.Build.0 = Debug|Any CPU
		{03B9F901-C326-4996-A148-5C8D57E6F11B}.Debug|Mixed Platforms.ActiveCfg = Debug|Any CPU
		{03B9F901-C326-4996-A148-5C8D57E6F11B}.Debug|Mixed Platforms.Build.0 = Debug|Any CPU
		{03B9F901-C326-4996-A148-5C8D57E6F11B}.Debug|x86.ActiveCfg = Debug|Any CPU
		{03B9F901-C326-4996-A148-5C8D57E6F11B}.Release|Any CPU.ActiveCfg = Release|Any CPU
		{03B9F901-C326-4996-A148-5C8D57E6F11B}.Release|Any CPU.Build.0 = Release|Any CPU
		{03B9F901-C326-4996-A148-5C8D57E6F11B}.Release|Mixed Platforms.ActiveCfg = Release|Any CPU
		{03B9F901-C326-4996-A148-5C8D57E6F11B}.Release|Mixed Platforms.Build.0 = Release|Any CPU
		{03B9F901-C326-4996-A148-5C8D57E6F11B}.Release|x86.ActiveCfg = Release|Any CPU
		{84FDF048-3569-45A9-B7F7-65B23A61C654}.Debug|Any CPU.ActiveCfg = Debug|Any CPU
		{84FDF048-3569-45A9-B7F7-65B23A61C654}.Debug|Any CPU.Build.0 = Debug|Any CPU
		{84FDF048-3569-45A9-B7F7-65B23A61C654}.Debug|Mixed Platforms.ActiveCfg = Debug|Any CPU
		{84FDF048-3569-45A9-B7F7-65B23A61C654}.Debug|Mixed Platforms.Build.0 = Debug|Any CPU
		{84FDF048-3569-45A9-B7F7-65B23A61C654}.Debug|x86.ActiveCfg = Debug|Any CPU
		{84FDF048-3569-45A9-B7F7-65B23A61C654}.Release|Any CPU.ActiveCfg = Release|Any CPU
		{84FDF048-3569-45A9-B7F7-65B23A61C654}.Release|Any CPU.Build.0 = Release|Any CPU
		{84FDF048-3569-45A9-B7F7-65B23A61C654}.Release|Mixed Platforms.ActiveCfg = Release|Any CPU
		{84FDF048-3569-45A9-B7F7-65B23A61C654}.Release|Mixed Platforms.Build.0 = Release|Any CPU
		{84FDF048-3569-45A9-B7F7-65B23A61C654}.Release|x86.ActiveCfg = Release|Any CPU
		{D30C591D-8162-4BA7-82C3-45382B783834}.Debug|Any CPU.ActiveCfg = Debug|x86
		{D30C591D-8162-4BA7-82C3-45382B783834}.Debug|Mixed Platforms.ActiveCfg = Debug|x86
		{D30C591D-8162-4BA7-82C3-45382B783834}.Debug|Mixed Platforms.Build.0 = Debug|x86
		{D30C591D-8162-4BA7-82C3-45382B783834}.Debug|x86.ActiveCfg = Debug|x86
		{D30C591D-8162-4BA7-82C3-45382B783834}.Debug|x86.Build.0 = Debug|x86
		{D30C591D-8162-4BA7-82C3-45382B783834}.Release|Any CPU.ActiveCfg = Release|x86
		{D30C591D-8162-4BA7-82C3-45382B783834}.Release|Mixed Platforms.ActiveCfg = Release|x86
		{D30C591D-8162-4BA7-82C3-45382B783834}.Release|Mixed Platforms.Build.0 = Release|x86
		{D30C591D-8162-4BA7-82C3-45382B783834}.Release|x86.ActiveCfg = Release|x86
		{D30C591D-8162-4BA7-82C3-45382B783834}.Release|x86.Build.0 = Release|x86
	EndGlobalSection
	GlobalSection(SolutionProperties) = preSolution
		HideSolutionNode = FALSE
	EndGlobalSection
EndGlobal
